
Microsoft Visual Studio Solution File, Format Version 12.00
# Visual Studio 15
VisualStudioVersion = 15.0.28307.489
MinimumVisualStudioVersion = 10.0.40219.1
Project("{FAE04EC0-301F-11D3-BF4B-00C04F79EFBC}") = "NPCPerks", "NPCPerks\NPCPerks.csproj", "{7F500F33-428A-47D8-A50D-4506B6157B13}"
EndProject
Global
	GlobalSection(SolutionConfigurationPlatforms) = preSolution
		Debug|Any CPU = Debug|Any CPU
		Release|Any CPU = Release|Any CPU
	EndGlobalSection
	GlobalSection(ProjectConfigurationPlatforms) = postSolution
		{7F500F33-428A-47D8-A50D-4506B6157B13}.Debug|Any CPU.ActiveCfg = Debug|Any CPU
		{7F500F33-428A-47D8-A50D-4506B6157B13}.Debug|Any CPU.Build.0 = Debug|Any CPU
		{7F500F33-428A-47D8-A50D-4506B6157B13}.Release|Any CPU.ActiveCfg = Release|Any CPU
		{7F500F33-428A-47D8-A50D-4506B6157B13}.Release|Any CPU.Build.0 = Release|Any CPU
	EndGlobalSection
	GlobalSection(SolutionProperties) = preSolution
		HideSolutionNode = FALSE
	EndGlobalSection
	GlobalSection(ExtensibilityGlobals) = postSolution
		SolutionGuid = {DE18BF6C-B2C1-47FD-8556-8EE9E6C2D709}
	EndGlobalSection
EndGlobal
